schema_version: 1
source_name: ai-development-governance
source_repository: Osato-Gasu/shared
version: 0.12.24
commit: 34d9727fbc3ed8fe7dfa39c91ca6683b11dc04fb
manifest_sha256: 2B7CF6EE56A5BBDBBE674E5E42A4F04D24FFEEFD57B66A66667A4913A6061DB9
generated_root: docs/ai/generated/shared
synced_at: 2026-08-12T09:39:15+09:00
