schema_version: 1
source_name: ai-development-governance
source_repository: Osato-Gasu/shared
version: 0.12.25
commit: f07571d3e8745b9a49a28b1ac77e211c210146a3
manifest_sha256: ADA91C21DF52BA7DF2B61D0CBCA5EC990E718A22339FF924A24B85D3B7016FBE
generated_root: docs/ai/generated/shared
synced_at: 2026-08-15T21:01:58+09:00
